
Microsoft Visual Studio Solution File, Format Version 10.00
# Visual Studio 2008
Project("{FAE04EC0-301F-11D3-BF4B-00C04F79EFBC}") = "SN", "SN\SN.csproj", "{02C3FD75-4378-4CE9-8860-26DFBB22F2EE}"
EndProject
Project("{2150E333-8FDC-42A3-9474-1A3956D46DE8}") = "Solution Items", "Solution Items", "{66F377D2-092E-4B03-92B6-D0E53A8B6446}"
EndProject
Global
	GlobalSection(SolutionConfigurationPlatforms) = preSolution
		Debug|Any CPU = Debug|Any CPU
		Release|Any CPU = Release|Any CPU
	EndGlobalSection
	GlobalSection(ProjectConfigurationPlatforms) = postSolution
		{02C3FD75-4378-4CE9-8860-26DFBB22F2EE}.Debug|Any CPU.ActiveCfg = Debug|Any CPU
		{02C3FD75-4378-4CE9-8860-26DFBB22F2EE}.Debug|Any CPU.Build.0 = Debug|Any CPU
		{02C3FD75-4378-4CE9-8860-26DFBB22F2EE}.Release|Any CPU.ActiveCfg = Release|Any CPU
		{02C3FD75-4378-4CE9-8860-26DFBB22F2EE}.Release|Any CPU.Build.0 = Release|Any CPU
	EndGlobalSection
	GlobalSection(SolutionProperties) = preSolution
		HideSolutionNode = FALSE
	EndGlobalSection
EndGlobal
